
Microsoft Visual Studio Solution File, Format Version 12.00
# Visual Studio Version 17
VisualStudioVersion = 17.4.33213.308
MinimumVisualStudioVersion = 10.0.40219.1
Project("{FAE04EC0-301F-11D3-BF4B-00C04F79EFBC}") = "LeagueOfCSharp", "LeagueOfCSharp\LeagueOfCSharp.csproj", "{716511A2-AA99-4812-95F5-1E3FAB58989C}"
EndProject
Global
	GlobalSection(SolutionConfigurationPlatforms) = preSolution
		Debug|Any CPU = Debug|Any CPU
		Release|Any CPU = Release|Any CPU
	EndGlobalSection
	GlobalSection(ProjectConfigurationPlatforms) = postSolution
		{716511A2-AA99-4812-95F5-1E3FAB58989C}.Debug|Any CPU.ActiveCfg = Debug|Any CPU
		{716511A2-AA99-4812-95F5-1E3FAB58989C}.Debug|Any CPU.Build.0 = Debug|Any CPU
		{716511A2-AA99-4812-95F5-1E3FAB58989C}.Release|Any CPU.ActiveCfg = Release|Any CPU
		{716511A2-AA99-4812-95F5-1E3FAB58989C}.Release|Any CPU.Build.0 = Release|Any CPU
	EndGlobalSection
	GlobalSection(SolutionProperties) = preSolution
		HideSolutionNode = FALSE
	EndGlobalSection
	GlobalSection(ExtensibilityGlobals) = postSolution
		SolutionGuid = {1E8E1113-1DDB-4D4A-8D07-FD772CEAB4DA}
	EndGlobalSection
EndGlobal
